
Microsoft Visual Studio Solution File, Format Version 12.00
# Visual Studio Version 16
VisualStudioVersion = 16.0.30804.86
MinimumVisualStudioVersion = 10.0.40219.1
Project("{9A19103F-16F7-4668-BE54-9A1E7A4F7556}") = "Metodlar", "Metodlar\Metodlar.csproj", "{7AF36BCD-882A-4700-8DCF-EC7E79A60D97}"
EndProject
Project("{9A19103F-16F7-4668-BE54-9A1E7A4F7556}") = "Matematik", "Matematik\Matematik.csproj", "{31DF2D7D-A751-4FE9-9A04-5AAB56B398B8}"
EndProject
Project("{9A19103F-16F7-4668-BE54-9A1E7A4F7556}") = "DegerveReferansTipler", "DegerveReferansTipler\DegerveReferansTipler.csproj", "{D94FF072-F81A-479E-AE9C-CCF8ED0A1024}"
EndProject
Project("{9A19103F-16F7-4668-BE54-9A1E7A4F7556}") = "ClassIntro", "..\Kampintro\ClassIntro\ClassIntro.csproj", "{EF0789B8-47B9-4026-A04D-E7A6367811AD}"
EndProject
Project("{9A19103F-16F7-4668-BE54-9A1E7A4F7556}") = "Donguler", "..\Kampintro\Donguler\Donguler.csproj", "{516A90CC-5578-4BE9-8715-4D62BBF42039}"
EndProject
Project("{9A19103F-16F7-4668-BE54-9A1E7A4F7556}") = "Kampintro", "..\Kampintro\Kampintro\Kampintro.csproj", "{A7DCA3F0-76BC-4CA3-A1D3-AC45C472DCF0}"
EndProject
Project("{9A19103F-16F7-4668-BE54-9A1E7A4F7556}") = "HR", "..\Kampintro\HR\HR.csproj", "{3A347186-0E53-486C-AE24-3AF0050921AF}"
EndProject
Project("{9A19103F-16F7-4668-BE54-9A1E7A4F7556}") = "OOP1", "OOP1\OOP1.csproj", "{1C08937B-3522-4344-854E-4FC3CD7EBE6E}"
EndProject
Project("{9A19103F-16F7-4668-BE54-9A1E7A4F7556}") = "Koleksiyonlar", "Koleksiyonlar\Koleksiyonlar.csproj", "{543FB9A2-8F33-442A-85BA-AC5BB770FDBF}"
EndProject
Project("{9A19103F-16F7-4668-BE54-9A1E7A4F7556}") = "GenericsIntro", "GenericsIntro\GenericsIntro.csproj", "{7C25E8DD-0701-4D47-AE95-411CC62E8666}"
EndProject
Project("{FAE04EC0-301F-11D3-BF4B-00C04F79EFBC}") = "OOP2", "OOP2\OOP2.csproj", "{83B3B966-0744-4C6A-8387-390683A8705A}"
EndProject
Project("{FAE04EC0-301F-11D3-BF4B-00C04F79EFBC}") = "OOP3", "OOP3\OOP3.csproj", "{6284A08A-5435-4C58-9CE2-43DE256E5813}"
EndProject
Global
	GlobalSection(SolutionConfigurationPlatforms) = preSolution
		Debug|Any CPU = Debug|Any CPU
		Release|Any CPU = Release|Any CPU
	EndGlobalSection
	GlobalSection(ProjectConfigurationPlatforms) = postSolution
		{7AF36BCD-882A-4700-8DCF-EC7E79A60D97}.Debug|Any CPU.ActiveCfg = Debug|Any CPU
		{7AF36BCD-882A-4700-8DCF-EC7E79A60D97}.Debug|Any CPU.Build.0 = Debug|Any CPU
		{7AF36BCD-882A-4700-8DCF-EC7E79A60D97}.Release|Any CPU.ActiveCfg = Release|Any CPU
		{7AF36BCD-882A-4700-8DCF-EC7E79A60D97}.Release|Any CPU.Build.0 = Release|Any CPU
		{31DF2D7D-A751-4FE9-9A04-5AAB56B398B8}.Debug|Any CPU.ActiveCfg = Debug|Any CPU
		{31DF2D7D-A751-4FE9-9A04-5AAB56B398B8}.Debug|Any CPU.Build.0 = Debug|Any CPU
		{31DF2D7D-A751-4FE9-9A04-5AAB56B398B8}.Release|Any CPU.ActiveCfg = Release|Any CPU
		{31DF2D7D-A751-4FE9-9A04-5AAB56B398B8}.Release|Any CPU.Build.0 = Release|Any CPU
		{D94FF072-F81A-479E-AE9C-CCF8ED0A1024}.Debug|Any CPU.ActiveCfg = Debug|Any CPU
		{D94FF072-F81A-479E-AE9C-CCF8ED0A1024}.Debug|Any CPU.Build.0 = Debug|Any CPU
		{D94FF072-F81A-479E-AE9C-CCF8ED0A1024}.Release|Any CPU.ActiveCfg = Release|Any CPU
		{D94FF072-F81A-479E-AE9C-CCF8ED0A1024}.Release|Any CPU.Build.0 = Release|Any CPU
		{EF0789B8-47B9-4026-A04D-E7A6367811AD}.Debug|Any CPU.ActiveCfg = Debug|Any CPU
		{EF0789B8-47B9-4026-A04D-E7A6367811AD}.Debug|Any CPU.Build.0 = Debug|Any CPU
		{EF0789B8-47B9-4026-A04D-E7A6367811AD}.Release|Any CPU.ActiveCfg = Release|Any CPU
		{EF0789B8-47B9-4026-A04D-E7A6367811AD}.Release|Any CPU.Build.0 = Release|Any CPU
		{516A90CC-5578-4BE9-8715-4D62BBF42039}.Debug|Any CPU.ActiveCfg = Debug|Any CPU
		{516A90CC-5578-4BE9-8715-4D62BBF42039}.Debug|Any CPU.Build.0 = Debug|Any CPU
		{516A90CC-5578-4BE9-8715-4D62BBF42039}.Release|Any CPU.ActiveCfg = Release|Any CPU
		{516A90CC-5578-4BE9-8715-4D62BBF42039}.Release|Any CPU.Build.0 = Release|Any CPU
		{A7DCA3F0-76BC-4CA3-A1D3-AC45C472DCF0}.Debug|Any CPU.ActiveCfg = Debug|Any CPU
		{A7DCA3F0-76BC-4CA3-A1D3-AC45C472DCF0}.Debug|Any CPU.Build.0 = Debug|Any CPU
		{A7DCA3F0-76BC-4CA3-A1D3-AC45C472DCF0}.Release|Any CPU.ActiveCfg = Release|Any CPU
		{A7DCA3F0-76BC-4CA3-A1D3-AC45C472DCF0}.Release|Any CPU.Build.0 = Release|Any CPU
		{3A347186-0E53-486C-AE24-3AF0050921AF}.Debug|Any CPU.ActiveCfg = Debug|Any CPU
		{3A347186-0E53-486C-AE24-3AF0050921AF}.Debug|Any CPU.Build.0 = Debug|Any CPU
		{3A347186-0E53-486C-AE24-3AF0050921AF}.Release|Any CPU.ActiveCfg = Release|Any CPU
		{3A347186-0E53-486C-AE24-3AF0050921AF}.Release|Any CPU.Build.0 = Release|Any CPU
		{1C08937B-3522-4344-854E-4FC3CD7EBE6E}.Debug|Any CPU.ActiveCfg = Debug|Any CPU
		{1C08937B-3522-4344-854E-4FC3CD7EBE6E}.Debug|Any CPU.Build.0 = Debug|Any CPU
		{1C08937B-3522-4344-854E-4FC3CD7EBE6E}.Release|Any CPU.ActiveCfg = Release|Any CPU
		{1C08937B-3522-4344-854E-4FC3CD7EBE6E}.Release|Any CPU.Build.0 = Release|Any CPU
		{543FB9A2-8F33-442A-85BA-AC5BB770FDBF}.Debug|Any CPU.ActiveCfg = Debug|Any CPU
		{543FB9A2-8F33-442A-85BA-AC5BB770FDBF}.Debug|Any CPU.Build.0 = Debug|Any CPU
		{543FB9A2-8F33-442A-85BA-AC5BB770FDBF}.Release|Any CPU.ActiveCfg = Release|Any CPU
		{543FB9A2-8F33-442A-85BA-AC5BB770FDBF}.Release|Any CPU.Build.0 = Release|Any CPU
		{7C25E8DD-0701-4D47-AE95-411CC62E8666}.Debug|Any CPU.ActiveCfg = Debug|Any CPU
		{7C25E8DD-0701-4D47-AE95-411CC62E8666}.Debug|Any CPU.Build.0 = Debug|Any CPU
		{7C25E8DD-0701-4D47-AE95-411CC62E8666}.Release|Any CPU.ActiveCfg = Release|Any CPU
		{7C25E8DD-0701-4D47-AE95-411CC62E8666}.Release|Any CPU.Build.0 = Release|Any CPU
		{83B3B966-0744-4C6A-8387-390683A8705A}.Debug|Any CPU.ActiveCfg = Debug|Any CPU
		{83B3B966-0744-4C6A-8387-390683A8705A}.Debug|Any CPU.Build.0 = Debug|Any CPU
		{83B3B966-0744-4C6A-8387-390683A8705A}.Release|Any CPU.ActiveCfg = Release|Any CPU
		{83B3B966-0744-4C6A-8387-390683A8705A}.Release|Any CPU.Build.0 = Release|Any CPU
		{6284A08A-5435-4C58-9CE2-43DE256E5813}.Debug|Any CPU.ActiveCfg = Debug|Any CPU
		{6284A08A-5435-4C58-9CE2-43DE256E5813}.Debug|Any CPU.Build.0 = Debug|Any CPU
		{6284A08A-5435-4C58-9CE2-43DE256E5813}.Release|Any CPU.ActiveCfg = Release|Any CPU
		{6284A08A-5435-4C58-9CE2-43DE256E5813}.Release|Any CPU.Build.0 = Release|Any CPU
	EndGlobalSection
	GlobalSection(SolutionProperties) = preSolution
		HideSolutionNode = FALSE
	EndGlobalSection
	GlobalSection(ExtensibilityGlobals) = postSolution
		SolutionGuid = {A2588B0B-C844-4B6E-B7B2-8E8874FD4C2B}
	EndGlobalSection
EndGlobal
